// !$*UTF8*$!
{
	archiveVersion = 1;
	classes = {
	};
	objectVersion = 56;
	objects = {

/* Begin PBXBuildFile section */
		A94816D82B03EF81005370F2 /* CrossWalkieApp.swift in Sources */ = {isa = PBXBuildFile; fileRef = A94816D72B03EF81005370F2 /* CrossWalkieApp.swift */; };
		A94816DA2B03EF81005370F2 /* ContentView.swift in Sources */ = {isa = PBXBuildFile; fileRef = A94816D92B03EF81005370F2 /* ContentView.swift */; };
		A94816DC2B03EF83005370F2 /* Assets.xcassets in Resources */ = {isa = PBXBuildFile; fileRef = A94816DB2B03EF83005370F2 /* Assets.xcassets */; };
		A94816DF2B03EF83005370F2 /* Preview Assets.xcassets in Resources */ = {isa = PBXBuildFile; fileRef = A94816DE2B03EF83005370F2 /* Preview Assets.xcassets */; };
		A94816E92B03EF83005370F2 /* CrossWalkieTests.swift in Sources */ = {isa = PBXBuildFile; fileRef = A94816E82B03EF83005370F2 /* CrossWalkieTests.swift */; };
		A94816F32B03EF83005370F2 /* CrossWalkieUITests.swift in Sources */ = {isa = PBXBuildFile; fileRef = A94816F22B03EF83005370F2 /* CrossWalkieUITests.swift */; };
		A94816F52B03EF83005370F2 /* CrossWalkieUITestsLaunchTests.swift in Sources */ = {isa = PBXBuildFile; fileRef = A94816F42B03EF83005370F2 /* CrossWalkieUITestsLaunchTests.swift */; };
		A94816FB2B03EF83005370F2 /* CrossWalkie Watch App.app in Embed Watch Content */ = {isa = PBXBuildFile; fileRef = A94816FA2B03EF83005370F2 /* CrossWalkie Watch App.app */; settings = {ATTRIBUTES = (RemoveHeadersOnCopy, ); }; };
		A94817002B03EF83005370F2 /* CrossWalkieApp.swift in Sources */ = {isa = PBXBuildFile; fileRef = A94816FF2B03EF83005370F2 /* CrossWalkieApp.swift */; };
		A94817022B03EF83005370F2 /* ContentView.swift in Sources */ = {isa = PBXBuildFile; fileRef = A94817012B03EF83005370F2 /* ContentView.swift */; };
		A94817042B03EF85005370F2 /* Assets.xcassets in Resources */ = {isa = PBXBuildFile; fileRef = A94817032B03EF85005370F2 /* Assets.xcassets */; };
		A94817072B03EF85005370F2 /* Preview Assets.xcassets in Resources */ = {isa = PBXBuildFile; fileRef = A94817062B03EF85005370F2 /* Preview Assets.xcassets */; };
		A94817112B03EF85005370F2 /* CrossWalkie_Watch_AppTests.swift in Sources */ = {isa = PBXBuildFile; fileRef = A94817102B03EF85005370F2 /* CrossWalkie_Watch_AppTests.swift */; };
		A948171B2B03EF85005370F2 /* CrossWalkie_Watch_AppUITests.swift in Sources */ = {isa = PBXBuildFile; fileRef = A948171A2B03EF85005370F2 /* CrossWalkie_Watch_AppUITests.swift */; };
		A948171D2B03EF85005370F2 /* CrossWalkie_Watch_AppUITestsLaunchTests.swift in Sources */ = {isa = PBXBuildFile; fileRef = A948171C2B03EF85005370F2 /* CrossWalkie_Watch_AppUITestsLaunchTests.swift */; };
/* End PBXBuildFile section */

/* Begin PBXContainerItemProxy section */
		A94816E52B03EF83005370F2 /* PBXContainerItemProxy */ = {
			isa = PBXContainerItemProxy;
			containerPortal = A94816CC2B03EF81005370F2 /* Project object */;
			proxyType = 1;
			remoteGlobalIDString = A94816D32B03EF81005370F2;
			remoteInfo = CrossWalkie;
		};
		A94816EF2B03EF83005370F2 /* PBXContainerItemProxy */ = {
			isa = PBXContainerItemProxy;
			containerPortal = A94816CC2B03EF81005370F2 /* Project object */;
			proxyType = 1;
			remoteGlobalIDString = A94816D32B03EF81005370F2;
			remoteInfo = CrossWalkie;
		};
		A94816FC2B03EF83005370F2 /* PBXContainerItemProxy */ = {
			isa = PBXContainerItemProxy;
			containerPortal = A94816CC2B03EF81005370F2 /* Project object */;
			proxyType = 1;
			remoteGlobalIDString = A94816F92B03EF83005370F2;
			remoteInfo = "CrossWalkie Watch App";
		};
		A948170D2B03EF85005370F2 /* PBXContainerItemProxy */ = {
			isa = PBXContainerItemProxy;
			containerPortal = A94816CC2B03EF81005370F2 /* Project object */;
			proxyType = 1;
			remoteGlobalIDString = A94816F92B03EF83005370F2;
			remoteInfo = "CrossWalkie Watch App";
		};
		A94817172B03EF85005370F2 /* PBXContainerItemProxy */ = {
			isa = PBXContainerItemProxy;
			containerPortal = A94816CC2B03EF81005370F2 /* Project object */;
			proxyType = 1;
			remoteGlobalIDString = A94816F92B03EF83005370F2;
			remoteInfo = "CrossWalkie Watch App";
		};
/* End PBXContainerItemProxy section */

/* Begin PBXCopyFilesBuildPhase section */
		A94817232B03EF85005370F2 /* Embed Watch Content */ = {
			isa = PBXCopyFilesBuildPhase;
			buildActionMask = 2147483647;
			dstPath = "$(CONTENTS_FOLDER_PATH)/Watch";
			dstSubfolderSpec = 16;
			files = (
				A94816FB2B03EF83005370F2 /* CrossWalkie Watch App.app in Embed Watch Content */,
			);
			name = "Embed Watch Content";
			runOnlyForDeploymentPostprocessing = 0;
		};
/* End PBXCopyFilesBuildPhase section */

/* Begin PBXFileReference section */
		A94816D42B03EF81005370F2 /* CrossWalkie.app */ = {isa = PBXFileReference; explicitFileType = wrapper.application; includeInIndex = 0; path = CrossWalkie.app; sourceTree = BUILT_PRODUCTS_DIR; };
		A94816D72B03EF81005370F2 /* CrossWalkieApp.swift */ = {isa = PBXFileReference; lastKnownFileType = sourcecode.swift; path = CrossWalkieApp.swift; sourceTree = "<group>"; };
		A94816D92B03EF81005370F2 /* ContentView.swift */ = {isa = PBXFileReference; lastKnownFileType = sourcecode.swift; path = ContentView.swift; sourceTree = "<group>"; };
		A94816DB2B03EF83005370F2 /* Assets.xcassets */ = {isa = PBXFileReference; lastKnownFileType = folder.assetcatalog; path = Assets.xcassets; sourceTree = "<group>"; };
		A94816DE2B03EF83005370F2 /* Preview Assets.xcassets */ = {isa = PBXFileReference; lastKnownFileType = folder.assetcatalog; path = "Preview Assets.xcassets"; sourceTree = "<group>"; };
		A94816E42B03EF83005370F2 /* CrossWalkieTests.xctest */ = {isa = PBXFileReference; explicitFileType = wrapper.cfbundle; includeInIndex = 0; path = CrossWalkieTests.xctest; sourceTree = BUILT_PRODUCTS_DIR; };
		A94816E82B03EF83005370F2 /* CrossWalkieTests.swift */ = {isa = PBXFileReference; lastKnownFileType = sourcecode.swift; path = CrossWalkieTests.swift; sourceTree = "<group>"; };
		A94816EE2B03EF83005370F2 /* CrossWalkieUITests.xctest */ = {isa = PBXFileReference; explicitFileType = wrapper.cfbundle; includeInIndex = 0; path = CrossWalkieUITests.xctest; sourceTree = BUILT_PRODUCTS_DIR; };
		A94816F22B03EF83005370F2 /* CrossWalkieUITests.swift */ = {isa = PBXFileReference; lastKnownFileType = sourcecode.swift; path = CrossWalkieUITests.swift; sourceTree = "<group>"; };
		A94816F42B03EF83005370F2 /* CrossWalkieUITestsLaunchTests.swift */ = {isa = PBXFileReference; lastKnownFileType = sourcecode.swift; path = CrossWalkieUITestsLaunchTests.swift; sourceTree = "<group>"; };
		A94816FA2B03EF83005370F2 /* CrossWalkie Watch App.app */ = {isa = PBXFileReference; explicitFileType = wrapper.application; includeInIndex = 0; path = "CrossWalkie Watch App.app"; sourceTree = BUILT_PRODUCTS_DIR; };
		A94816FF2B03EF83005370F2 /* CrossWalkieApp.swift */ = {isa = PBXFileReference; lastKnownFileType = sourcecode.swift; path = CrossWalkieApp.swift; sourceTree = "<group>"; };
		A94817012B03EF83005370F2 /* ContentView.swift */ = {isa = PBXFileReference; lastKnownFileType = sourcecode.swift; path = ContentView.swift; sourceTree = "<group>"; };
		A94817032B03EF85005370F2 /* Assets.xcassets */ = {isa = PBXFileReference; lastKnownFileType = folder.assetcatalog; path = Assets.xcassets; sourceTree = "<group>"; };
		A94817062B03EF85005370F2 /* Preview Assets.xcassets */ = {isa = PBXFileReference; lastKnownFileType = folder.assetcatalog; path = "Preview Assets.xcassets"; sourceTree = "<group>"; };
		A948170C2B03EF85005370F2 /* CrossWalkie Watch AppTests.xctest */ = {isa = PBXFileReference; explicitFileType = wrapper.cfbundle; includeInIndex = 0; path = "CrossWalkie Watch AppTests.xctest"; sourceTree = BUILT_PRODUCTS_DIR; };
		A94817102B03EF85005370F2 /* CrossWalkie_Watch_AppTests.swift */ = {isa = PBXFileReference; lastKnownFileType = sourcecode.swift; path = CrossWalkie_Watch_AppTests.swift; sourceTree = "<group>"; };
		A94817162B03EF85005370F2 /* CrossWalkie Watch AppUITests.xctest */ = {isa = PBXFileReference; explicitFileType = wrapper.cfbundle; includeInIndex = 0; path = "CrossWalkie Watch AppUITests.xctest"; sourceTree = BUILT_PRODUCTS_DIR; };
		A948171A2B03EF85005370F2 /* CrossWalkie_Watch_AppUITests.swift */ = {isa = PBXFileReference; lastKnownFileType = sourcecode.swift; path = CrossWalkie_Watch_AppUITests.swift; sourceTree = "<group>"; };
		A948171C2B03EF85005370F2 /* CrossWalkie_Watch_AppUITestsLaunchTests.swift */ = {isa = PBXFileReference; lastKnownFileType = sourcecode.swift; path = CrossWalkie_Watch_AppUITestsLaunchTests.swift; sourceTree = "<group>"; };
/* End PBXFileReference section */

/* Begin PBXFrameworksBuildPhase section */
		A94816D12B03EF81005370F2 /* Frameworks */ = {
			isa = PBXFrameworksBuildPhase;
			buildActionMask = 2147483647;
			files = (
			);
			runOnlyForDeploymentPostprocessing = 0;
		};
		A94816E12B03EF83005370F2 /* Frameworks */ = {
			isa = PBXFrameworksBuildPhase;
			buildActionMask = 2147483647;
			files = (
			);
			runOnlyForDeploymentPostprocessing = 0;
		};
		A94816EB2B03EF83005370F2 /* Frameworks */ = {
			isa = PBXFrameworksBuildPhase;
			buildActionMask = 2147483647;
			files = (
			);
			runOnlyForDeploymentPostprocessing = 0;
		};
		A94816F72B03EF83005370F2 /* Frameworks */ = {
			isa = PBXFrameworksBuildPhase;
			buildActionMask = 2147483647;
			files = (
			);
			runOnlyForDeploymentPostprocessing = 0;
		};
		A94817092B03EF85005370F2 /* Frameworks */ = {
			isa = PBXFrameworksBuildPhase;
			buildActionMask = 2147483647;
			files = (
			);
			runOnlyForDeploymentPostprocessing = 0;
		};
		A94817132B03EF85005370F2 /* Frameworks */ = {
			isa = PBXFrameworksBuildPhase;
			buildActionMask = 2147483647;
			files = (
			);
			runOnlyForDeploymentPostprocessing = 0;
		};
/* End PBXFrameworksBuildPhase section */

/* Begin PBXGroup section */
		A94816CB2B03EF81005370F2 = {
			isa = PBXGroup;
			children = (
				A94816D62B03EF81005370F2 /* CrossWalkie */,
				A94816E72B03EF83005370F2 /* CrossWalkieTests */,
				A94816F12B03EF83005370F2 /* CrossWalkieUITests */,
				A94816FE2B03EF83005370F2 /* CrossWalkie Watch App */,
				A948170F2B03EF85005370F2 /* CrossWalkie Watch AppTests */,
				A94817192B03EF85005370F2 /* CrossWalkie Watch AppUITests */,
				A94816D52B03EF81005370F2 /* Products */,
			);
			sourceTree = "<group>";
		};
		A94816D52B03EF81005370F2 /* Products */ = {
			isa = PBXGroup;
			children = (
				A94816D42B03EF81005370F2 /* CrossWalkie.app */,
				A94816E42B03EF83005370F2 /* CrossWalkieTests.xctest */,
				A94816EE2B03EF83005370F2 /* CrossWalkieUITests.xctest */,
				A94816FA2B03EF83005370F2 /* CrossWalkie Watch App.app */,
				A948170C2B03EF85005370F2 /* CrossWalkie Watch AppTests.xctest */,
				A94817162B03EF85005370F2 /* CrossWalkie Watch AppUITests.xctest */,
			);
			name = Products;
			sourceTree = "<group>";
		};
		A94816D62B03EF81005370F2 /* CrossWalkie */ = {
			isa = PBXGroup;
			children = (
				A94816D72B03EF81005370F2 /* CrossWalkieApp.swift */,
				A94816D92B03EF81005370F2 /* ContentView.swift */,
				A94816DB2B03EF83005370F2 /* Assets.xcassets */,
				A94816DD2B03EF83005370F2 /* Preview Content */,
			);
			path = CrossWalkie;
			sourceTree = "<group>";
		};
		A94816DD2B03EF83005370F2 /* Preview Content */ = {
			isa = PBXGroup;
			children = (
				A94816DE2B03EF83005370F2 /* Preview Assets.xcassets */,
			);
			path = "Preview Content";
			sourceTree = "<group>";
		};
		A94816E72B03EF83005370F2 /* CrossWalkieTests */ = {
			isa = PBXGroup;
			children = (
				A94816E82B03EF83005370F2 /* CrossWalkieTests.swift */,
			);
			path = CrossWalkieTests;
			sourceTree = "<group>";
		};
		A94816F12B03EF83005370F2 /* CrossWalkieUITests */ = {
			isa = PBXGroup;
			children = (
				A94816F22B03EF83005370F2 /* CrossWalkieUITests.swift */,
				A94816F42B03EF83005370F2 /* CrossWalkieUITestsLaunchTests.swift */,
			);
			path = CrossWalkieUITests;
			sourceTree = "<group>";
		};
		A94816FE2B03EF83005370F2 /* CrossWalkie Watch App */ = {
			isa = PBXGroup;
			children = (
				A94816FF2B03EF83005370F2 /* CrossWalkieApp.swift */,
				A94817012B03EF83005370F2 /* ContentView.swift */,
				A94817032B03EF85005370F2 /* Assets.xcassets */,
				A94817052B03EF85005370F2 /* Preview Content */,
			);
			path = "CrossWalkie Watch App";
			sourceTree = "<group>";
		};
		A94817052B03EF85005370F2 /* Preview Content */ = {
			isa = PBXGroup;
			children = (
				A94817062B03EF85005370F2 /* Preview Assets.xcassets */,
			);
			path = "Preview Content";
			sourceTree = "<group>";
		};
		A948170F2B03EF85005370F2 /* CrossWalkie Watch AppTests */ = {
			isa = PBXGroup;
			children = (
				A94817102B03EF85005370F2 /* CrossWalkie_Watch_AppTests.swift */,
			);
			path = "CrossWalkie Watch AppTests";
			sourceTree = "<group>";
		};
		A94817192B03EF85005370F2 /* CrossWalkie Watch AppUITests */ = {
			isa = PBXGroup;
			children = (
				A948171A2B03EF85005370F2 /* CrossWalkie_Watch_AppUITests.swift */,
				A948171C2B03EF85005370F2 /* CrossWalkie_Watch_AppUITestsLaunchTests.swift */,
			);
			path = "CrossWalkie Watch AppUITests";
			sourceTree = "<group>";
		};
/* End PBXGroup section */

/* Begin PBXNativeTarget section */
		A94816D32B03EF81005370F2 /* CrossWalkie */ = {
			isa = PBXNativeTarget;
			buildConfigurationList = A94817242B03EF85005370F2 /* Build configuration list for PBXNativeTarget "CrossWalkie" */;
			buildPhases = (
				A94816D02B03EF81005370F2 /* Sources */,
				A94816D12B03EF81005370F2 /* Frameworks */,
				A94816D22B03EF81005370F2 /* Resources */,
				A94817232B03EF85005370F2 /* Embed Watch Content */,
			);
			buildRules = (
			);
			dependencies = (
				A94816FD2B03EF83005370F2 /* PBXTargetDependency */,
			);
			name = CrossWalkie;
			productName = CrossWalkie;
			productReference = A94816D42B03EF81005370F2 /* CrossWalkie.app */;
			productType = "com.apple.product-type.application";
		};
		A94816E32B03EF83005370F2 /* CrossWalkieTests */ = {
			isa = PBXNativeTarget;
			buildConfigurationList = A94817272B03EF85005370F2 /* Build configuration list for PBXNativeTarget "CrossWalkieTests" */;
			buildPhases = (
				A94816E02B03EF83005370F2 /* Sources */,
				A94816E12B03EF83005370F2 /* Frameworks */,
				A94816E22B03EF83005370F2 /* Resources */,
			);
			buildRules = (
			);
			dependencies = (
				A94816E62B03EF83005370F2 /* PBXTargetDependency */,
			);
			name = CrossWalkieTests;
			productName = CrossWalkieTests;
			productReference = A94816E42B03EF83005370F2 /* CrossWalkieTests.xctest */;
			productType = "com.apple.product-type.bundle.unit-test";
		};
		A94816ED2B03EF83005370F2 /* CrossWalkieUITests */ = {
			isa = PBXNativeTarget;
			buildConfigurationList = A948172A2B03EF85005370F2 /* Build configuration list for PBXNativeTarget "CrossWalkieUITests" */;
			buildPhases = (
				A94816EA2B03EF83005370F2 /* Sources */,
				A94816EB2B03EF83005370F2 /* Frameworks */,
				A94816EC2B03EF83005370F2 /* Resources */,
			);
			buildRules = (
			);
			dependencies = (
				A94816F02B03EF83005370F2 /* PBXTargetDependency */,
			);
			name = CrossWalkieUITests;
			productName = CrossWalkieUITests;
			productReference = A94816EE2B03EF83005370F2 /* CrossWalkieUITests.xctest */;
			productType = "com.apple.product-type.bundle.ui-testing";
		};
		A94816F92B03EF83005370F2 /* CrossWalkie Watch App */ = {
			isa = PBXNativeTarget;
			buildConfigurationList = A94817202B03EF85005370F2 /* Build configuration list for PBXNativeTarget "CrossWalkie Watch App" */;
			buildPhases = (
				A94816F62B03EF83005370F2 /* Sources */,
				A94816F72B03EF83005370F2 /* Frameworks */,
				A94816F82B03EF83005370F2 /* Resources */,
			);
			buildRules = (
			);
			dependencies = (
			);
			name = "CrossWalkie Watch App";
			productName = "CrossWalkie Watch App";
			productReference = A94816FA2B03EF83005370F2 /* CrossWalkie Watch App.app */;
			productType = "com.apple.product-type.application";
		};
		A948170B2B03EF85005370F2 /* CrossWalkie Watch AppTests */ = {
			isa = PBXNativeTarget;
			buildConfigurationList = A948172D2B03EF85005370F2 /* Build configuration list for PBXNativeTarget "CrossWalkie Watch AppTests" */;
			buildPhases = (
				A94817082B03EF85005370F2 /* Sources */,
				A94817092B03EF85005370F2 /* Frameworks */,
				A948170A2B03EF85005370F2 /* Resources */,
			);
			buildRules = (
			);
			dependencies = (
				A948170E2B03EF85005370F2 /* PBXTargetDependency */,
			);
			name = "CrossWalkie Watch AppTests";
			productName = "CrossWalkie Watch AppTests";
			productReference = A948170C2B03EF85005370F2 /* CrossWalkie Watch AppTests.xctest */;
			productType = "com.apple.product-type.bundle.unit-test";
		};
		A94817152B03EF85005370F2 /* CrossWalkie Watch AppUITests */ = {
			isa = PBXNativeTarget;
			buildConfigurationList = A94817302B03EF85005370F2 /* Build configuration list for PBXNativeTarget "CrossWalkie Watch AppUITests" */;
			buildPhases = (
				A94817122B03EF85005370F2 /* Sources */,
				A94817132B03EF85005370F2 /* Frameworks */,
				A94817142B03EF85005370F2 /* Resources */,
			);
			buildRules = (
			);
			dependencies = (
				A94817182B03EF85005370F2 /* PBXTargetDependency */,
			);
			name = "CrossWalkie Watch AppUITests";
			productName = "CrossWalkie Watch AppUITests";
			productReference = A94817162B03EF85005370F2 /* CrossWalkie Watch AppUITests.xctest */;
			productType = "com.apple.product-type.bundle.ui-testing";
		};
/* End PBXNativeTarget section */

/* Begin PBXProject section */
		A94816CC2B03EF81005370F2 /* Project object */ = {
			isa = PBXProject;
			attributes = {
				BuildIndependentTargetsInParallel = 1;
				LastSwiftUpdateCheck = 1500;
				LastUpgradeCheck = 1500;
				TargetAttributes = {
					A94816D32B03EF81005370F2 = {
						CreatedOnToolsVersion = 15.0.1;
					};
					A94816E32B03EF83005370F2 = {
						CreatedOnToolsVersion = 15.0.1;
						TestTargetID = A94816D32B03EF81005370F2;
					};
					A94816ED2B03EF83005370F2 = {
						CreatedOnToolsVersion = 15.0.1;
						TestTargetID = A94816D32B03EF81005370F2;
					};
					A94816F92B03EF83005370F2 = {
						CreatedOnToolsVersion = 15.0.1;
					};
					A948170B2B03EF85005370F2 = {
						CreatedOnToolsVersion = 15.0.1;
						TestTargetID = A94816F92B03EF83005370F2;
					};
					A94817152B03EF85005370F2 = {
						CreatedOnToolsVersion = 15.0.1;
						TestTargetID = A94816F92B03EF83005370F2;
					};
				};
			};
			buildConfigurationList = A94816CF2B03EF81005370F2 /* Build configuration list for PBXProject "CrossWalkie" */;
			compatibilityVersion = "Xcode 14.0";
			developmentRegion = en;
			hasScannedForEncodings = 0;
			knownRegions = (
				en,
				Base,
			);
			mainGroup = A94816CB2B03EF81005370F2;
			productRefGroup = A94816D52B03EF81005370F2 /* Products */;
			projectDirPath = "";
			projectRoot = "";
			targets = (
				A94816D32B03EF81005370F2 /* CrossWalkie */,
				A94816E32B03EF83005370F2 /* CrossWalkieTests */,
				A94816ED2B03EF83005370F2 /* CrossWalkieUITests */,
				A94816F92B03EF83005370F2 /* CrossWalkie Watch App */,
				A948170B2B03EF85005370F2 /* CrossWalkie Watch AppTests */,
				A94817152B03EF85005370F2 /* CrossWalkie Watch AppUITests */,
			);
		};
/* End PBXProject section */

/* Begin PBXResourcesBuildPhase section */
		A94816D22B03EF81005370F2 /* Resources */ = {
			isa = PBXResourcesBuildPhase;
			buildActionMask = 2147483647;
			files = (
				A94816DF2B03EF83005370F2 /* Preview Assets.xcassets in Resources */,
				A94816DC2B03EF83005370F2 /* Assets.xcassets in Resources */,
			);
			runOnlyForDeploymentPostprocessing = 0;
		};
		A94816E22B03EF83005370F2 /* Resources */ = {
			isa = PBXResourcesBuildPhase;
			buildActionMask = 2147483647;
			files = (
			);
			runOnlyForDeploymentPostprocessing = 0;
		};
		A94816EC2B03EF83005370F2 /* Resources */ = {
			isa = PBXResourcesBuildPhase;
			buildActionMask = 2147483647;
			files = (
			);
			runOnlyForDeploymentPostprocessing = 0;
		};
		A94816F82B03EF83005370F2 /* Resources */ = {
			isa = PBXResourcesBuildPhase;
			buildActionMask = 2147483647;
			files = (
				A94817072B03EF85005370F2 /* Preview Assets.xcassets in Resources */,
				A94817042B03EF85005370F2 /* Assets.xcassets in Resources */,
			);
			runOnlyForDeploymentPostprocessing = 0;
		};
		A948170A2B03EF85005370F2 /* Resources */ = {
			isa = PBXResourcesBuildPhase;
			buildActionMask = 2147483647;
			files = (
			);
			runOnlyForDeploymentPostprocessing = 0;
		};
		A94817142B03EF85005370F2 /* Resources */ = {
			isa = PBXResourcesBuildPhase;
			buildActionMask = 2147483647;
			files = (
			);
			runOnlyForDeploymentPostprocessing = 0;
		};
/* End PBXResourcesBuildPhase section */

/* Begin PBXSourcesBuildPhase section */
		A94816D02B03EF81005370F2 /* Sources */ = {
			isa = PBXSourcesBuildPhase;
			buildActionMask = 2147483647;
			files = (
				A94816DA2B03EF81005370F2 /* ContentView.swift in Sources */,
				A94816D82B03EF81005370F2 /* CrossWalkieApp.swift in Sources */,
			);
			runOnlyForDeploymentPostprocessing = 0;
		};
		A94816E02B03EF83005370F2 /* Sources */ = {
			isa = PBXSourcesBuildPhase;
			buildActionMask = 2147483647;
			files = (
				A94816E92B03EF83005370F2 /* CrossWalkieTests.swift in Sources */,
			);
			runOnlyForDeploymentPostprocessing = 0;
		};
		A94816EA2B03EF83005370F2 /* Sources */ = {
			isa = PBXSourcesBuildPhase;
			buildActionMask = 2147483647;
			files = (
				A94816F52B03EF83005370F2 /* CrossWalkieUITestsLaunchTests.swift in Sources */,
				A94816F32B03EF83005370F2 /* CrossWalkieUITests.swift in Sources */,
			);
			runOnlyForDeploymentPostprocessing = 0;
		};
		A94816F62B03EF83005370F2 /* Sources */ = {
			isa = PBXSourcesBuildPhase;
			buildActionMask = 2147483647;
			files = (
				A94817022B03EF83005370F2 /* ContentView.swift in Sources */,
				A94817002B03EF83005370F2 /* CrossWalkieApp.swift in Sources */,
			);
			runOnlyForDeploymentPostprocessing = 0;
		};
		A94817082B03EF85005370F2 /* Sources */ = {
			isa = PBXSourcesBuildPhase;
			buildActionMask = 2147483647;
			files = (
				A94817112B03EF85005370F2 /* CrossWalkie_Watch_AppTests.swift in Sources */,
			);
			runOnlyForDeploymentPostprocessing = 0;
		};
		A94817122B03EF85005370F2 /* Sources */ = {
			isa = PBXSourcesBuildPhase;
			buildActionMask = 2147483647;
			files = (
				A948171D2B03EF85005370F2 /* CrossWalkie_Watch_AppUITestsLaunchTests.swift in Sources */,
				A948171B2B03EF85005370F2 /* CrossWalkie_Watch_AppUITests.swift in Sources */,
			);
			runOnlyForDeploymentPostprocessing = 0;
		};
/* End PBXSourcesBuildPhase section */

/* Begin PBXTargetDependency section */
		A94816E62B03EF83005370F2 /* PBXTargetDependency */ = {
			isa = PBXTargetDependency;
			target = A94816D32B03EF81005370F2 /* CrossWalkie */;
			targetProxy = A94816E52B03EF83005370F2 /* PBXContainerItemProxy */;
		};
		A94816F02B03EF83005370F2 /* PBXTargetDependency */ = {
			isa = PBXTargetDependency;
			target = A94816D32B03EF81005370F2 /* CrossWalkie */;
			targetProxy = A94816EF2B03EF83005370F2 /* PBXContainerItemProxy */;
		};
		A94816FD2B03EF83005370F2 /* PBXTargetDependency */ = {
			isa = PBXTargetDependency;
			target = A94816F92B03EF83005370F2 /* CrossWalkie Watch App */;
			targetProxy = A94816FC2B03EF83005370F2 /* PBXContainerItemProxy */;
		};
		A948170E2B03EF85005370F2 /* PBXTargetDependency */ = {
			isa = PBXTargetDependency;
			target = A94816F92B03EF83005370F2 /* CrossWalkie Watch App */;
			targetProxy = A948170D2B03EF85005370F2 /* PBXContainerItemProxy */;
		};
		A94817182B03EF85005370F2 /* PBXTargetDependency */ = {
			isa = PBXTargetDependency;
			target = A94816F92B03EF83005370F2 /* CrossWalkie Watch App */;
			targetProxy = A94817172B03EF85005370F2 /* PBXContainerItemProxy */;
		};
/* End PBXTargetDependency section */

/* Begin XCBuildConfiguration section */
		A948171E2B03EF85005370F2 /* Debug */ = {
			isa = XCBuildConfiguration;
			buildSettings = {
				ALWAYS_SEARCH_USER_PATHS = NO;
				ASSETCATALOG_COMPILER_GENERATE_SWIFT_ASSET_SYMBOL_EXTENSIONS = YES;
				CLANG_ANALYZER_NONNULL = YES;
				CLANG_ANALYZER_NUMBER_OBJECT_CONVERSION = YES_AGGRESSIVE;
				CLANG_CXX_LANGUAGE_STANDARD = "gnu++20";
				CLANG_ENABLE_MODULES = YES;
				CLANG_ENABLE_OBJC_ARC = YES;
				CLANG_ENABLE_OBJC_WEAK = YES;
				CLANG_WARN_BLOCK_CAPTURE_AUTORELEASING = YES;
				CLANG_WARN_BOOL_CONVERSION = YES;
				CLANG_WARN_COMMA = YES;
				CLANG_WARN_CONSTANT_CONVERSION = YES;
				CLANG_WARN_DEPRECATED_OBJC_IMPLEMENTATIONS = YES;
				CLANG_WARN_DIRECT_OBJC_ISA_USAGE = YES_ERROR;
				CLANG_WARN_DOCUMENTATION_COMMENTS = YES;
				CLANG_WARN_EMPTY_BODY = YES;
				CLANG_WARN_ENUM_CONVERSION = YES;
				CLANG_WARN_INFINITE_RECURSION = YES;
				CLANG_WARN_INT_CONVERSION = YES;
				CLANG_WARN_NON_LITERAL_NULL_CONVERSION = YES;
				CLANG_WARN_OBJC_IMPLICIT_RETAIN_SELF = YES;
				CLANG_WARN_OBJC_LITERAL_CONVERSION = YES;
				CLANG_WARN_OBJC_ROOT_CLASS = YES_ERROR;
				CLANG_WARN_QUOTED_INCLUDE_IN_FRAMEWORK_HEADER = YES;
				CLANG_WARN_RANGE_LOOP_ANALYSIS = YES;
				CLANG_WARN_STRICT_PROTOTYPES = YES;
				CLANG_WARN_SUSPICIOUS_MOVE = YES;
				CLANG_WARN_UNGUARDED_AVAILABILITY = YES_AGGRESSIVE;
				CLANG_WARN_UNREACHABLE_CODE = YES;
				CLANG_WARN__DUPLICATE_METHOD_MATCH = YES;
				COPY_PHASE_STRIP = NO;
				DEBUG_INFORMATION_FORMAT = dwarf;
				ENABLE_STRICT_OBJC_MSGSEND = YES;
				ENABLE_TESTABILITY = YES;
				ENABLE_USER_SCRIPT_SANDBOXING = YES;
				GCC_C_LANGUAGE_STANDARD = gnu17;
				GCC_DYNAMIC_NO_PIC = NO;
				GCC_NO_COMMON_BLOCKS = YES;
				GCC_OPTIMIZATION_LEVEL = 0;
				GCC_PREPROCESSOR_DEFINITIONS = (
					"DEBUG=1",
					"$(inherited)",
				);
				GCC_WARN_64_TO_32_BIT_CONVERSION = YES;
				GCC_WARN_ABOUT_RETURN_TYPE = YES_ERROR;
				GCC_WARN_UNDECLARED_SELECTOR = YES;
				GCC_WARN_UNINITIALIZED_AUTOS = YES_AGGRESSIVE;
				GCC_WARN_UNUSED_FUNCTION = YES;
				GCC_WARN_UNUSED_VARIABLE = YES;
				LOCALIZATION_PREFERS_STRING_CATALOGS = YES;
				MTL_ENABLE_DEBUG_INFO = INCLUDE_SOURCE;
				MTL_FAST_MATH = YES;
				ONLY_ACTIVE_ARCH = YES;
				SWIFT_ACTIVE_COMPILATION_CONDITIONS = "DEBUG $(inherited)";
				SWIFT_OPTIMIZATION_LEVEL = "-Onone";
			};
			name = Debug;
		};
		A948171F2B03EF85005370F2 /* Release */ = {
			isa = XCBuildConfiguration;
			buildSettings = {
				ALWAYS_SEARCH_USER_PATHS = NO;
				ASSETCATALOG_COMPILER_GENERATE_SWIFT_ASSET_SYMBOL_EXTENSIONS = YES;
				CLANG_ANALYZER_NONNULL = YES;
				CLANG_ANALYZER_NUMBER_OBJECT_CONVERSION = YES_AGGRESSIVE;
				CLANG_CXX_LANGUAGE_STANDARD = "gnu++20";
				CLANG_ENABLE_MODULES = YES;
				CLANG_ENABLE_OBJC_ARC = YES;
				CLANG_ENABLE_OBJC_WEAK = YES;
				CLANG_WARN_BLOCK_CAPTURE_AUTORELEASING = YES;
				CLANG_WARN_BOOL_CONVERSION = YES;
				CLANG_WARN_COMMA = YES;
				CLANG_WARN_CONSTANT_CONVERSION = YES;
				CLANG_WARN_DEPRECATED_OBJC_IMPLEMENTATIONS = YES;
				CLANG_WARN_DIRECT_OBJC_ISA_USAGE = YES_ERROR;
				CLANG_WARN_DOCUMENTATION_COMMENTS = YES;
				CLANG_WARN_EMPTY_BODY = YES;
				CLANG_WARN_ENUM_CONVERSION = YES;
				CLANG_WARN_INFINITE_RECURSION = YES;
				CLANG_WARN_INT_CONVERSION = YES;
				CLANG_WARN_NON_LITERAL_NULL_CONVERSION = YES;
				CLANG_WARN_OBJC_IMPLICIT_RETAIN_SELF = YES;
				CLANG_WARN_OBJC_LITERAL_CONVERSION = YES;
				CLANG_WARN_OBJC_ROOT_CLASS = YES_ERROR;
				CLANG_WARN_QUOTED_INCLUDE_IN_FRAMEWORK_HEADER = YES;
				CLANG_WARN_RANGE_LOOP_ANALYSIS = YES;
				CLANG_WARN_STRICT_PROTOTYPES = YES;
				CLANG_WARN_SUSPICIOUS_MOVE = YES;
				CLANG_WARN_UNGUARDED_AVAILABILITY = YES_AGGRESSIVE;
				CLANG_WARN_UNREACHABLE_CODE = YES;
				CLANG_WARN__DUPLICATE_METHOD_MATCH = YES;
				COPY_PHASE_STRIP = NO;
				DEBUG_INFORMATION_FORMAT = "dwarf-with-dsym";
				ENABLE_NS_ASSERTIONS = NO;
				ENABLE_STRICT_OBJC_MSGSEND = YES;
				ENABLE_USER_SCRIPT_SANDBOXING = YES;
				GCC_C_LANGUAGE_STANDARD = gnu17;
				GCC_NO_COMMON_BLOCKS = YES;
				GCC_WARN_64_TO_32_BIT_CONVERSION = YES;
				GCC_WARN_ABOUT_RETURN_TYPE = YES_ERROR;
				GCC_WARN_UNDECLARED_SELECTOR = YES;
				GCC_WARN_UNINITIALIZED_AUTOS = YES_AGGRESSIVE;
				GCC_WARN_UNUSED_FUNCTION = YES;
				GCC_WARN_UNUSED_VARIABLE = YES;
				LOCALIZATION_PREFERS_STRING_CATALOGS = YES;
				MTL_ENABLE_DEBUG_INFO = NO;
				MTL_FAST_MATH = YES;
				SWIFT_COMPILATION_MODE = wholemodule;
			};
			name = Release;
		};
		A94817212B03EF85005370F2 /* Debug */ = {
			isa = XCBuildConfiguration;
			buildSettings = {
				ASSETCATALOG_COMPILER_APPICON_NAME = AppIcon;
				ASSETCATALOG_COMPILER_GLOBAL_ACCENT_COLOR_NAME = AccentColor;
				CODE_SIGN_STYLE = Automatic;
				CURRENT_PROJECT_VERSION = 1;
				DEVELOPMENT_ASSET_PATHS = "\"CrossWalkie Watch App/Preview Content\"";
				DEVELOPMENT_TEAM = 9F57JQFQXH;
				ENABLE_PREVIEWS = YES;
				GENERATE_INFOPLIST_FILE = YES;
				INFOPLIST_KEY_CFBundleDisplayName = CrossWalkie;
				INFOPLIST_KEY_UISupportedInterfaceOrientations = "UIInterfaceOrientationPortrait UIInterfaceOrientationPortraitUpsideDown";
				INFOPLIST_KEY_WKCompanionAppBundleIdentifier = SciomageLab.CrossWalkie;
				LD_RUNPATH_SEARCH_PATHS = (
					"$(inherited)",
					"@executable_path/Frameworks",
				);
				MARKETING_VERSION = 1.0;
				PRODUCT_BUNDLE_IDENTIFIER = SciomageLab.CrossWalkie.watchkitapp;
				PRODUCT_NAME = "$(TARGET_NAME)";
				SDKROOT = watchos;
				SKIP_INSTALL = YES;
				SWIFT_EMIT_LOC_STRINGS = YES;
				SWIFT_VERSION = 5.0;
				TARGETED_DEVICE_FAMILY = 4;
				WATCHOS_DEPLOYMENT_TARGET = 10.0;
			};
			name = Debug;
		};
		A94817222B03EF85005370F2 /* Release */ = {
			isa = XCBuildConfiguration;
			buildSettings = {
				ASSETCATALOG_COMPILER_APPICON_NAME = AppIcon;
				ASSETCATALOG_COMPILER_GLOBAL_ACCENT_COLOR_NAME = AccentColor;
				CODE_SIGN_STYLE = Automatic;
				CURRENT_PROJECT_VERSION = 1;
				DEVELOPMENT_ASSET_PATHS = "\"CrossWalkie Watch App/Preview Content\"";
				DEVELOPMENT_TEAM = 9F57JQFQXH;
				ENABLE_PREVIEWS = YES;
				GENERATE_INFOPLIST_FILE = YES;
				INFOPLIST_KEY_CFBundleDisplayName = CrossWalkie;
				INFOPLIST_KEY_UISupportedInterfaceOrientations = "UIInterfaceOrientationPortrait UIInterfaceOrientationPortraitUpsideDown";
				INFOPLIST_KEY_WKCompanionAppBundleIdentifier = SciomageLab.CrossWalkie;
				LD_RUNPATH_SEARCH_PATHS = (
					"$(inherited)",
					"@executable_path/Frameworks",
				);
				MARKETING_VERSION = 1.0;
				PRODUCT_BUNDLE_IDENTIFIER = SciomageLab.CrossWalkie.watchkitapp;
				PRODUCT_NAME = "$(TARGET_NAME)";
				SDKROOT = watchos;
				SKIP_INSTALL = YES;
				SWIFT_EMIT_LOC_STRINGS = YES;
				SWIFT_VERSION = 5.0;
				TARGETED_DEVICE_FAMILY = 4;
				VALIDATE_PRODUCT = YES;
				WATCHOS_DEPLOYMENT_TARGET = 10.0;
			};
			name = Release;
		};
		A94817252B03EF85005370F2 /* Debug */ = {
			isa = XCBuildConfiguration;
			buildSettings = {
				ALWAYS_EMBED_SWIFT_STANDARD_LIBRARIES = YES;
				ASSETCATALOG_COMPILER_APPICON_NAME = AppIcon;
				ASSETCATALOG_COMPILER_GLOBAL_ACCENT_COLOR_NAME = AccentColor;
				CODE_SIGN_STYLE = Automatic;
				CURRENT_PROJECT_VERSION = 1;
				DEVELOPMENT_ASSET_PATHS = "\"CrossWalkie/Preview Content\"";
				DEVELOPMENT_TEAM = 9F57JQFQXH;
				ENABLE_PREVIEWS = YES;
				GENERATE_INFOPLIST_FILE = YES;
				INFOPLIST_KEY_CFBundleDisplayName = CrossWalkie;
				INFOPLIST_KEY_UIApplicationSceneManifest_Generation = YES;
				INFOPLIST_KEY_UIApplicationSupportsIndirectInputEvents = YES;
				INFOPLIST_KEY_UILaunchScreen_Generation = YES;
				INFOPLIST_KEY_UISupportedInterfaceOrientations_iPad = "UIInterfaceOrientationPortrait UIInterfaceOrientationPortraitUpsideDown UIInterfaceOrientationLandscapeLeft UIInterfaceOrientationLandscapeRight";
				INFOPLIST_KEY_UISupportedInterfaceOrientations_iPhone = "UIInterfaceOrientationPortrait UIInterfaceOrientationLandscapeLeft UIInterfaceOrientationLandscapeRight";
				IPHONEOS_DEPLOYMENT_TARGET = 17.0;
				LD_RUNPATH_SEARCH_PATHS = (
					"$(inherited)",
					"@executable_path/Frameworks",
				);
				MARKETING_VERSION = 1.0;
				PRODUCT_BUNDLE_IDENTIFIER = SciomageLab.CrossWalkie;
				PRODUCT_NAME = "$(TARGET_NAME)";
				SDKROOT = iphoneos;
				SWIFT_EMIT_LOC_STRINGS = YES;
				SWIFT_VERSION = 5.0;
				TARGETED_DEVICE_FAMILY = "1,2";
			};
			name = Debug;
		};
		A94817262B03EF85005370F2 /* Release */ = {
			isa = XCBuildConfiguration;
			buildSettings = {
				ALWAYS_EMBED_SWIFT_STANDARD_LIBRARIES = YES;
				ASSETCATALOG_COMPILER_APPICON_NAME = AppIcon;
				ASSETCATALOG_COMPILER_GLOBAL_ACCENT_COLOR_NAME = AccentColor;
				CODE_SIGN_STYLE = Automatic;
				CURRENT_PROJECT_VERSION = 1;
				DEVELOPMENT_ASSET_PATHS = "\"CrossWalkie/Preview Content\"";
				DEVELOPMENT_TEAM = 9F57JQFQXH;
				ENABLE_PREVIEWS = YES;
				GENERATE_INFOPLIST_FILE = YES;
				INFOPLIST_KEY_CFBundleDisplayName = CrossWalkie;
				INFOPLIST_KEY_UIApplicationSceneManifest_Generation = YES;
				INFOPLIST_KEY_UIApplicationSupportsIndirectInputEvents = YES;
				INFOPLIST_KEY_UILaunchScreen_Generation = YES;
				INFOPLIST_KEY_UISupportedInterfaceOrientations_iPad = "UIInterfaceOrientationPortrait UIInterfaceOrientationPortraitUpsideDown UIInterfaceOrientationLandscapeLeft UIInterfaceOrientationLandscapeRight";
				INFOPLIST_KEY_UISupportedInterfaceOrientations_iPhone = "UIInterfaceOrientationPortrait UIInterfaceOrientationLandscapeLeft UIInterfaceOrientationLandscapeRight";
				IPHONEOS_DEPLOYMENT_TARGET = 17.0;
				LD_RUNPATH_SEARCH_PATHS = (
					"$(inherited)",
					"@executable_path/Frameworks",
				);
				MARKETING_VERSION = 1.0;
				PRODUCT_BUNDLE_IDENTIFIER = SciomageLab.CrossWalkie;
				PRODUCT_NAME = "$(TARGET_NAME)";
				SDKROOT = iphoneos;
				SWIFT_EMIT_LOC_STRINGS = YES;
				SWIFT_VERSION = 5.0;
				TARGETED_DEVICE_FAMILY = "1,2";
				VALIDATE_PRODUCT = YES;
			};
			name = Release;
		};
		A94817282B03EF85005370F2 /* Debug */ = {
			isa = XCBuildConfiguration;
			buildSettings = {
				ALWAYS_EMBED_SWIFT_STANDARD_LIBRARIES = YES;
				BUNDLE_LOADER = "$(TEST_HOST)";
				CODE_SIGN_STYLE = Automatic;
				CURRENT_PROJECT_VERSION = 1;
				DEVELOPMENT_TEAM = 9F57JQFQXH;
				GENERATE_INFOPLIST_FILE = YES;
				IPHONEOS_DEPLOYMENT_TARGET = 17.0;
				MARKETING_VERSION = 1.0;
				PRODUCT_BUNDLE_IDENTIFIER = SciomageLab.CrossWalkieTests;
				PRODUCT_NAME = "$(TARGET_NAME)";
				SDKROOT = iphoneos;
				SWIFT_EMIT_LOC_STRINGS = NO;
				SWIFT_VERSION = 5.0;
				TARGETED_DEVICE_FAMILY = "1,2";
				TEST_HOST = "$(BUILT_PRODUCTS_DIR)/CrossWalkie.app/$(BUNDLE_EXECUTABLE_FOLDER_PATH)/CrossWalkie";
			};
			name = Debug;
		};
		A94817292B03EF85005370F2 /* Release */ = {
			isa = XCBuildConfiguration;
			buildSettings = {
				ALWAYS_EMBED_SWIFT_STANDARD_LIBRARIES = YES;
				BUNDLE_LOADER = "$(TEST_HOST)";
				CODE_SIGN_STYLE = Automatic;
				CURRENT_PROJECT_VERSION = 1;
				DEVELOPMENT_TEAM = 9F57JQFQXH;
				GENERATE_INFOPLIST_FILE = YES;
				IPHONEOS_DEPLOYMENT_TARGET = 17.0;
				MARKETING_VERSION = 1.0;
				PRODUCT_BUNDLE_IDENTIFIER = SciomageLab.CrossWalkieTests;
				PRODUCT_NAME = "$(TARGET_NAME)";
				SDKROOT = iphoneos;
				SWIFT_EMIT_LOC_STRINGS = NO;
				SWIFT_VERSION = 5.0;
				TARGETED_DEVICE_FAMILY = "1,2";
				TEST_HOST = "$(BUILT_PRODUCTS_DIR)/CrossWalkie.app/$(BUNDLE_EXECUTABLE_FOLDER_PATH)/CrossWalkie";
				VALIDATE_PRODUCT = YES;
			};
			name = Release;
		};
		A948172B2B03EF85005370F2 /* Debug */ = {
			isa = XCBuildConfiguration;
			buildSettings = {
				ALWAYS_EMBED_SWIFT_STANDARD_LIBRARIES = YES;
				CODE_SIGN_STYLE = Automatic;
				CURRENT_PROJECT_VERSION = 1;
				DEVELOPMENT_TEAM = 9F57JQFQXH;
				GENERATE_INFOPLIST_FILE = YES;
				IPHONEOS_DEPLOYMENT_TARGET = 17.0;
				MARKETING_VERSION = 1.0;
				PRODUCT_BUNDLE_IDENTIFIER = SciomageLab.CrossWalkieUITests;
				PRODUCT_NAME = "$(TARGET_NAME)";
				SDKROOT = iphoneos;
				SWIFT_EMIT_LOC_STRINGS = NO;
				SWIFT_VERSION = 5.0;
				TARGETED_DEVICE_FAMILY = "1,2";
				TEST_TARGET_NAME = CrossWalkie;
			};
			name = Debug;
		};
		A948172C2B03EF85005370F2 /* Release */ = {
			isa = XCBuildConfiguration;
			buildSettings = {
				ALWAYS_EMBED_SWIFT_STANDARD_LIBRARIES = YES;
				CODE_SIGN_STYLE = Automatic;
				CURRENT_PROJECT_VERSION = 1;
				DEVELOPMENT_TEAM = 9F57JQFQXH;
				GENERATE_INFOPLIST_FILE = YES;
				IPHONEOS_DEPLOYMENT_TARGET = 17.0;
				MARKETING_VERSION = 1.0;
				PRODUCT_BUNDLE_IDENTIFIER = SciomageLab.CrossWalkieUITests;
				PRODUCT_NAME = "$(TARGET_NAME)";
				SDKROOT = iphoneos;
				SWIFT_EMIT_LOC_STRINGS = NO;
				SWIFT_VERSION = 5.0;
				TARGETED_DEVICE_FAMILY = "1,2";
				TEST_TARGET_NAME = CrossWalkie;
				VALIDATE_PRODUCT = YES;
			};
			name = Release;
		};
		A948172E2B03EF85005370F2 /* Debug */ = {
			isa = XCBuildConfiguration;
			buildSettings = {
				ALWAYS_EMBED_SWIFT_STANDARD_LIBRARIES = YES;
				BUNDLE_LOADER = "$(TEST_HOST)";
				CODE_SIGN_STYLE = Automatic;
				CURRENT_PROJECT_VERSION = 1;
				DEVELOPMENT_TEAM = 9F57JQFQXH;
				GENERATE_INFOPLIST_FILE = YES;
				MARKETING_VERSION = 1.0;
				PRODUCT_BUNDLE_IDENTIFIER = "SciomageLab.CrossWalkie-Watch-AppTests";
				PRODUCT_NAME = "$(TARGET_NAME)";
				SDKROOT = watchos;
				SWIFT_EMIT_LOC_STRINGS = NO;
				SWIFT_VERSION = 5.0;
				TARGETED_DEVICE_FAMILY = 4;
				TEST_HOST = "$(BUILT_PRODUCTS_DIR)/CrossWalkie Watch App.app/$(BUNDLE_EXECUTABLE_FOLDER_PATH)/CrossWalkie Watch App";
				WATCHOS_DEPLOYMENT_TARGET = 10.0;
			};
			name = Debug;
		};
		A948172F2B03EF85005370F2 /* Release */ = {
			isa = XCBuildConfiguration;
			buildSettings = {
				ALWAYS_EMBED_SWIFT_STANDARD_LIBRARIES = YES;
				BUNDLE_LOADER = "$(TEST_HOST)";
				CODE_SIGN_STYLE = Automatic;
				CURRENT_PROJECT_VERSION = 1;
				DEVELOPMENT_TEAM = 9F57JQFQXH;
				GENERATE_INFOPLIST_FILE = YES;
				MARKETING_VERSION = 1.0;
				PRODUCT_BUNDLE_IDENTIFIER = "SciomageLab.CrossWalkie-Watch-AppTests";
				PRODUCT_NAME = "$(TARGET_NAME)";
				SDKROOT = watchos;
				SWIFT_EMIT_LOC_STRINGS = NO;
				SWIFT_VERSION = 5.0;
				TARGETED_DEVICE_FAMILY = 4;
				TEST_HOST = "$(BUILT_PRODUCTS_DIR)/CrossWalkie Watch App.app/$(BUNDLE_EXECUTABLE_FOLDER_PATH)/CrossWalkie Watch App";
				VALIDATE_PRODUCT = YES;
				WATCHOS_DEPLOYMENT_TARGET = 10.0;
			};
			name = Release;
		};
		A94817312B03EF85005370F2 /* Debug */ = {
			isa = XCBuildConfiguration;
			buildSettings = {
				ALWAYS_EMBED_SWIFT_STANDARD_LIBRARIES = YES;
				CODE_SIGN_STYLE = Automatic;
				CURRENT_PROJECT_VERSION = 1;
				DEVELOPMENT_TEAM = 9F57JQFQXH;
				GENERATE_INFOPLIST_FILE = YES;
				MARKETING_VERSION = 1.0;
				PRODUCT_BUNDLE_IDENTIFIER = "SciomageLab.CrossWalkie-Watch-AppUITests";
				PRODUCT_NAME = "$(TARGET_NAME)";
				SDKROOT = watchos;
				SWIFT_EMIT_LOC_STRINGS = NO;
				SWIFT_VERSION = 5.0;
				TARGETED_DEVICE_FAMILY = 4;
				TEST_TARGET_NAME = "CrossWalkie Watch App";
				WATCHOS_DEPLOYMENT_TARGET = 10.0;
			};
			name = Debug;
		};
		A94817322B03EF85005370F2 /* Release */ = {
			isa = XCBuildConfiguration;
			buildSettings = {
				ALWAYS_EMBED_SWIFT_STANDARD_LIBRARIES = YES;
				CODE_SIGN_STYLE = Automatic;
				CURRENT_PROJECT_VERSION = 1;
				DEVELOPMENT_TEAM = 9F57JQFQXH;
				GENERATE_INFOPLIST_FILE = YES;
				MARKETING_VERSION = 1.0;
				PRODUCT_BUNDLE_IDENTIFIER = "SciomageLab.CrossWalkie-Watch-AppUITests";
				PRODUCT_NAME = "$(TARGET_NAME)";
				SDKROOT = watchos;
				SWIFT_EMIT_LOC_STRINGS = NO;
				SWIFT_VERSION = 5.0;
				TARGETED_DEVICE_FAMILY = 4;
				TEST_TARGET_NAME = "CrossWalkie Watch App";
				VALIDATE_PRODUCT = YES;
				WATCHOS_DEPLOYMENT_TARGET = 10.0;
			};
			name = Release;
		};
/* End XCBuildConfiguration section */

/* Begin XCConfigurationList section */
		A94816CF2B03EF81005370F2 /* Build configuration list for PBXProject "CrossWalkie" */ = {
			isa = XCConfigurationList;
			buildConfigurations = (
				A948171E2B03EF85005370F2 /* Debug */,
				A948171F2B03EF85005370F2 /* Release */,
			);
			defaultConfigurationIsVisible = 0;
			defaultConfigurationName = Release;
		};
		A94817202B03EF85005370F2 /* Build configuration list for PBXNativeTarget "CrossWalkie Watch App" */ = {
			isa = XCConfigurationList;
			buildConfigurations = (
				A94817212B03EF85005370F2 /* Debug */,
				A94817222B03EF85005370F2 /* Release */,
			);
			defaultConfigurationIsVisible = 0;
			defaultConfigurationName = Release;
		};
		A94817242B03EF85005370F2 /* Build configuration list for PBXNativeTarget "CrossWalkie" */ = {
			isa = XCConfigurationList;
			buildConfigurations = (
				A94817252B03EF85005370F2 /* Debug */,
				A94817262B03EF85005370F2 /* Release */,
			);
			defaultConfigurationIsVisible = 0;
			defaultConfigurationName = Release;
		};
		A94817272B03EF85005370F2 /* Build configuration list for PBXNativeTarget "CrossWalkieTests" */ = {
			isa = XCConfigurationList;
			buildConfigurations = (
				A94817282B03EF85005370F2 /* Debug */,
				A94817292B03EF85005370F2 /* Release */,
			);
			defaultConfigurationIsVisible = 0;
			defaultConfigurationName = Release;
		};
		A948172A2B03EF85005370F2 /* Build configuration list for PBXNativeTarget "CrossWalkieUITests" */ = {
			isa = XCConfigurationList;
			buildConfigurations = (
				A948172B2B03EF85005370F2 /* Debug */,
				A948172C2B03EF85005370F2 /* Release */,
			);
			defaultConfigurationIsVisible = 0;
			defaultConfigurationName = Release;
		};
		A948172D2B03EF85005370F2 /* Build configuration list for PBXNativeTarget "CrossWalkie Watch AppTests" */ = {
			isa = XCConfigurationList;
			buildConfigurations = (
				A948172E2B03EF85005370F2 /* Debug */,
				A948172F2B03EF85005370F2 /* Release */,
			);
			defaultConfigurationIsVisible = 0;
			defaultConfigurationName = Release;
		};
		A94817302B03EF85005370F2 /* Build configuration list for PBXNativeTarget "CrossWalkie Watch AppUITests" */ = {
			isa = XCConfigurationList;
			buildConfigurations = (
				A94817312B03EF85005370F2 /* Debug */,
				A94817322B03EF85005370F2 /* Release */,
			);
			defaultConfigurationIsVisible = 0;
			defaultConfigurationName = Release;
		};
/* End XCConfigurationList section */
	};
	rootObject = A94816CC2B03EF81005370F2 /* Project object */;
}
